
Microsoft Visual Studio Solution File, Format Version 12.00
# Visual Studio Version 16
VisualStudioVersion = 16.0.31424.327
MinimumVisualStudioVersion = 10.0.40219.1
Project("{9A19103F-16F7-4668-BE54-9A1E7A4F7556}") = "Api", "Kubernetes1\Api.csproj", "{2F78DB5A-2F9B-472A-B1DE-113D4397D289}"
EndProject
Project("{9A19103F-16F7-4668-BE54-9A1E7A4F7556}") = "Domain", "Domain\Domain.csproj", "{F57B2A7D-4EFA-4F0A-8C85-833EC62DE055}"
EndProject
Project("{9A19103F-16F7-4668-BE54-9A1E7A4F7556}") = "Infra", "Infra\Infra.csproj", "{F62D93C0-2023-4C95-8139-A13F5E0BA5AE}"
EndProject
Project("{9A19103F-16F7-4668-BE54-9A1E7A4F7556}") = "App", "App\App.csproj", "{40C23562-28CC-4F4D-849A-07EB1152B364}"
EndProject
Project("{FAE04EC0-301F-11D3-BF4B-00C04F79EFBC}") = "Tests", "Tests\Tests.csproj", "{D66744E0-752A-41B0-B809-63FFA1A22AE4}"
EndProject
Global
	GlobalSection(SolutionConfigurationPlatforms) = preSolution
		Debug|Any CPU = Debug|Any CPU
		Release|Any CPU = Release|Any CPU
	EndGlobalSection
	GlobalSection(ProjectConfigurationPlatforms) = postSolution
		{2F78DB5A-2F9B-472A-B1DE-113D4397D289}.Debug|Any CPU.ActiveCfg = Debug|Any CPU
		{2F78DB5A-2F9B-472A-B1DE-113D4397D289}.Debug|Any CPU.Build.0 = Debug|Any CPU
		{2F78DB5A-2F9B-472A-B1DE-113D4397D289}.Release|Any CPU.ActiveCfg = Release|Any CPU
		{2F78DB5A-2F9B-472A-B1DE-113D4397D289}.Release|Any CPU.Build.0 = Release|Any CPU
		{F57B2A7D-4EFA-4F0A-8C85-833EC62DE055}.Debug|Any CPU.ActiveCfg = Debug|Any CPU
		{F57B2A7D-4EFA-4F0A-8C85-833EC62DE055}.Debug|Any CPU.Build.0 = Debug|Any CPU
		{F57B2A7D-4EFA-4F0A-8C85-833EC62DE055}.Release|Any CPU.ActiveCfg = Release|Any CPU
		{F57B2A7D-4EFA-4F0A-8C85-833EC62DE055}.Release|Any CPU.Build.0 = Release|Any CPU
		{F62D93C0-2023-4C95-8139-A13F5E0BA5AE}.Debug|Any CPU.ActiveCfg = Debug|Any CPU
		{F62D93C0-2023-4C95-8139-A13F5E0BA5AE}.Debug|Any CPU.Build.0 = Debug|Any CPU
		{F62D93C0-2023-4C95-8139-A13F5E0BA5AE}.Release|Any CPU.ActiveCfg = Release|Any CPU
		{F62D93C0-2023-4C95-8139-A13F5E0BA5AE}.Release|Any CPU.Build.0 = Release|Any CPU
		{40C23562-28CC-4F4D-849A-07EB1152B364}.Debug|Any CPU.ActiveCfg = Debug|Any CPU
		{40C23562-28CC-4F4D-849A-07EB1152B364}.Debug|Any CPU.Build.0 = Debug|Any CPU
		{40C23562-28CC-4F4D-849A-07EB1152B364}.Release|Any CPU.ActiveCfg = Release|Any CPU
		{40C23562-28CC-4F4D-849A-07EB1152B364}.Release|Any CPU.Build.0 = Release|Any CPU
		{D66744E0-752A-41B0-B809-63FFA1A22AE4}.Debug|Any CPU.ActiveCfg = Debug|Any CPU
		{D66744E0-752A-41B0-B809-63FFA1A22AE4}.Debug|Any CPU.Build.0 = Debug|Any CPU
		{D66744E0-752A-41B0-B809-63FFA1A22AE4}.Release|Any CPU.ActiveCfg = Release|Any CPU
		{D66744E0-752A-41B0-B809-63FFA1A22AE4}.Release|Any CPU.Build.0 = Release|Any CPU
	EndGlobalSection
	GlobalSection(SolutionProperties) = preSolution
		HideSolutionNode = FALSE
	EndGlobalSection
	GlobalSection(ExtensibilityGlobals) = postSolution
		SolutionGuid = {C3CA25C7-21A0-4591-9A2D-2AFEE05B70E3}
	EndGlobalSection
EndGlobal
